<?xml version="1.0" encoding="utf-8"?>
<Project ToolsVersion="4.0" xmlns="http://schemas.microsoft.com/developer/msbuild/2003">
  <ItemGroup>
    <Filter Include="Source Files">
      <UniqueIdentifier>{4FC737F1-C7A5-4376-A066-2A32D752A2FF}</UniqueIdentifier>
      <Extensions>cpp;c;cc;cxx;def;odl;idl;hpj;bat;asm;asmx</Extensions>
    </Filter>
    <Filter Include="Header Files">
      <UniqueIdentifier>{93995380-89BD-4b04-88EB-625FBE52EBFB}</UniqueIdentifier>
      <Extensions>h;hh;hpp;hxx;hm;inl;inc;xsd</Extensions>
    </Filter>
    <Filter Include="Resource Files">
      <UniqueIdentifier>{67DA6AB6-F800-4c08-8B7A-83BB121AAD01}</UniqueIdentifier>
      <Extensions>rc;ico;cur;bmp;dlg;rc2;rct;bin;rgs;gif;jpg;jpeg;jpe;resx;tiff;tif;png;wav</Extensions>
    </Filter>
  </ItemGroup>
  <ItemGroup>
    <ClCompile Include="CBitFieldControl.cpp">
      <Filter>Source Files</Filter>
    </ClCompile>
    <ClCompile Include="CBoomResource.cpp">
      <Filter>Source Files</Filter>
    </ClCompile>
    <ClCompile Include="CCharResource.cpp">
      <Filter>Source Files</Filter>
    </ClCompile>
    <ClCompile Include="CCicnResource.cpp">
      <Filter>Source Files</Filter>
    </ClCompile>
    <ClCompile Include="CColrResource.cpp">
      <Filter>Source Files</Filter>
    </ClCompile>
    <ClCompile Include="CControl.cpp">
      <Filter>Source Files</Filter>
    </ClCompile>
    <ClCompile Include="CCronResource.cpp">
      <Filter>Source Files</Filter>
    </ClCompile>
    <ClCompile Include="CDescResource.cpp">
      <Filter>Source Files</Filter>
    </ClCompile>
    <ClCompile Include="CDudeResource.cpp">
      <Filter>Source Files</Filter>
    </ClCompile>
    <ClCompile Include="CErrorLog.cpp">
      <Filter>Source Files</Filter>
    </ClCompile>
    <ClCompile Include="CException.cpp">
      <Filter>Source Files</Filter>
    </ClCompile>
    <ClCompile Include="CImageFormatHelper.cpp">
      <Filter>Source Files</Filter>
    </ClCompile>
    <ClCompile Include="CFletResource.cpp">
      <Filter>Source Files</Filter>
    </ClCompile>
    <ClCompile Include="CGovtResource.cpp">
      <Filter>Source Files</Filter>
    </ClCompile>
    <ClCompile Include="CIntfResource.cpp">
      <Filter>Source Files</Filter>
    </ClCompile>
    <ClCompile Include="CJunkResource.cpp">
      <Filter>Source Files</Filter>
    </ClCompile>
    <ClCompile Include="CMisnResource.cpp">
      <Filter>Source Files</Filter>
    </ClCompile>
    <ClCompile Include="CNebuResource.cpp">
      <Filter>Source Files</Filter>
    </ClCompile>
    <ClCompile Include="CNovaResource.cpp">
      <Filter>Source Files</Filter>
    </ClCompile>
    <ClCompile Include="COopsResource.cpp">
      <Filter>Source Files</Filter>
    </ClCompile>
    <ClCompile Include="COutfResource.cpp">
      <Filter>Source Files</Filter>
    </ClCompile>
    <ClCompile Include="CPersResource.cpp">
      <Filter>Source Files</Filter>
    </ClCompile>
    <ClCompile Include="CPictResource.cpp">
      <Filter>Source Files</Filter>
    </ClCompile>
    <ClCompile Include="CPlugIn.cpp">
      <Filter>Source Files</Filter>
    </ClCompile>
    <ClCompile Include="CRankResource.cpp">
      <Filter>Source Files</Filter>
    </ClCompile>
    <ClCompile Include="CRLEResource.cpp">
      <Filter>Source Files</Filter>
    </ClCompile>
    <ClCompile Include="CRoidResource.cpp">
      <Filter>Source Files</Filter>
    </ClCompile>
    <ClCompile Include="CShanResource.cpp">
      <Filter>Source Files</Filter>
    </ClCompile>
    <ClCompile Include="CShipResource.cpp">
      <Filter>Source Files</Filter>
    </ClCompile>
    <ClCompile Include="CSndResource.cpp">
      <Filter>Source Files</Filter>
    </ClCompile>
    <ClCompile Include="CSpinResource.cpp">
      <Filter>Source Files</Filter>
    </ClCompile>
    <ClCompile Include="CSpobResource.cpp">
      <Filter>Source Files</Filter>
    </ClCompile>
    <ClCompile Include="CStrlResource.cpp">
      <Filter>Source Files</Filter>
    </ClCompile>
    <ClCompile Include="CStrResource.cpp">
      <Filter>Source Files</Filter>
    </ClCompile>
    <ClCompile Include="CSystResource.cpp">
      <Filter>Source Files</Filter>
    </ClCompile>
    <ClCompile Include="CUnkResource.cpp">
      <Filter>Source Files</Filter>
    </ClCompile>
    <ClCompile Include="CWeapResource.cpp">
      <Filter>Source Files</Filter>
    </ClCompile>
    <ClCompile Include="CWindow.cpp">
      <Filter>Source Files</Filter>
    </ClCompile>
    <ClCompile Include="EVNEW.cpp">
      <Filter>Source Files</Filter>
    </ClCompile>
    <ClCompile Include="Utils.cpp">
      <Filter>Source Files</Filter>
    </ClCompile>
  </ItemGroup>
  <ItemGroup>
    <ClInclude Include="CBitFieldControl.h">
      <Filter>Header Files</Filter>
    </ClInclude>
    <ClInclude Include="CBoomResource.h">
      <Filter>Header Files</Filter>
    </ClInclude>
    <ClInclude Include="CCharResource.h">
      <Filter>Header Files</Filter>
    </ClInclude>
    <ClInclude Include="CCicnResource.h">
      <Filter>Header Files</Filter>
    </ClInclude>
    <ClInclude Include="CColrResource.h">
      <Filter>Header Files</Filter>
    </ClInclude>
    <ClInclude Include="CControl.h">
      <Filter>Header Files</Filter>
    </ClInclude>
    <ClInclude Include="CCronResource.h">
      <Filter>Header Files</Filter>
    </ClInclude>
    <ClInclude Include="CDescResource.h">
      <Filter>Header Files</Filter>
    </ClInclude>
    <ClInclude Include="CDudeResource.h">
      <Filter>Header Files</Filter>
    </ClInclude>
    <ClInclude Include="CErrorLog.h">
      <Filter>Header Files</Filter>
    </ClInclude>
    <ClInclude Include="CException.h">
      <Filter>Header Files</Filter>
    </ClInclude>
    <ClInclude Include="CImageFormatHelper.h">
      <Filter>Header Files</Filter>
    </ClInclude>
    <ClInclude Include="CFletResource.h">
      <Filter>Header Files</Filter>
    </ClInclude>
    <ClInclude Include="CGovtResource.h">
      <Filter>Header Files</Filter>
    </ClInclude>
    <ClInclude Include="CIntfResource.h">
      <Filter>Header Files</Filter>
    </ClInclude>
    <ClInclude Include="CJunkResource.h">
      <Filter>Header Files</Filter>
    </ClInclude>
    <ClInclude Include="CMisnResource.h">
      <Filter>Header Files</Filter>
    </ClInclude>
    <ClInclude Include="CNebuResource.h">
      <Filter>Header Files</Filter>
    </ClInclude>
    <ClInclude Include="CNovaResource.h">
      <Filter>Header Files</Filter>
    </ClInclude>
    <ClInclude Include="COopsResource.h">
      <Filter>Header Files</Filter>
    </ClInclude>
    <ClInclude Include="COutfResource.h">
      <Filter>Header Files</Filter>
    </ClInclude>
    <ClInclude Include="CPersResource.h">
      <Filter>Header Files</Filter>
    </ClInclude>
    <ClInclude Include="CPictResource.h">
      <Filter>Header Files</Filter>
    </ClInclude>
    <ClInclude Include="CPlugIn.h">
      <Filter>Header Files</Filter>
    </ClInclude>
    <ClInclude Include="CRankResource.h">
      <Filter>Header Files</Filter>
    </ClInclude>
    <ClInclude Include="CRLEResource.h">
      <Filter>Header Files</Filter>
    </ClInclude>
    <ClInclude Include="CRoidResource.h">
      <Filter>Header Files</Filter>
    </ClInclude>
    <ClInclude Include="CShanResource.h">
      <Filter>Header Files</Filter>
    </ClInclude>
    <ClInclude Include="CShipResource.h">
      <Filter>Header Files</Filter>
    </ClInclude>
    <ClInclude Include="CSndResource.h">
      <Filter>Header Files</Filter>
    </ClInclude>
    <ClInclude Include="CSpinResource.h">
      <Filter>Header Files</Filter>
    </ClInclude>
    <ClInclude Include="CSpobResource.h">
      <Filter>Header Files</Filter>
    </ClInclude>
    <ClInclude Include="CStrlResource.h">
      <Filter>Header Files</Filter>
    </ClInclude>
    <ClInclude Include="CStrResource.h">
      <Filter>Header Files</Filter>
    </ClInclude>
    <ClInclude Include="CSystResource.h">
      <Filter>Header Files</Filter>
    </ClInclude>
    <ClInclude Include="CUnkResource.h">
      <Filter>Header Files</Filter>
    </ClInclude>
    <ClInclude Include="CWeapResource.h">
      <Filter>Header Files</Filter>
    </ClInclude>
    <ClInclude Include="CWindow.h">
      <Filter>Header Files</Filter>
    </ClInclude>
    <ClInclude Include="EVNEW.h">
      <Filter>Header Files</Filter>
    </ClInclude>
    <ClInclude Include="resource.h">
      <Filter>Header Files</Filter>
    </ClInclude>
    <ClInclude Include="Utils.h">
      <Filter>Header Files</Filter>
    </ClInclude>
  </ItemGroup>
  <ItemGroup>
    <ResourceCompile Include="Resources.rc">
      <Filter>Resource Files</Filter>
    </ResourceCompile>
  </ItemGroup>
</Project>